
Microsoft Visual Studio Solution File, Format Version 12.00
# Visual Studio Version 17
VisualStudioVersion = 17.8.34330.188
MinimumVisualStudioVersion = 10.0.40219.1
Project("{9A19103F-16F7-4668-BE54-9A1E7A4F7556}") = "Server", "Server\server.csproj", "{0314F282-5E07-46D5-BF2A-B23115EA04C4}"
EndProject
Project("{54A90642-561A-4BB1-A94E-469ADEE60C69}") = "Client", "Client\client.esproj", "{7D9101EB-CF93-4389-9C46-985B620B74AF}"
EndProject
Project("{2150E333-8FDC-42A3-9474-1A3956D46DE8}") = "Solution Items", "Solution Items", "{CBAF2888-DF12-4495-948D-FC1FA35F93A6}"
	ProjectSection(SolutionItems) = preProject
		.editorconfig = .editorconfig
		.gitignore = .gitignore
		LICENSE = LICENSE
		README.md = README.md
	EndProjectSection
EndProject
Global
	GlobalSection(SolutionConfigurationPlatforms) = preSolution
		Debug|Any CPU = Debug|Any CPU
		Release|Any CPU = Release|Any CPU
	EndGlobalSection
	GlobalSection(ProjectConfigurationPlatforms) = postSolution
		{0314F282-5E07-46D5-BF2A-B23115EA04C4}.Debug|Any CPU.ActiveCfg = Debug|Any CPU
		{0314F282-5E07-46D5-BF2A-B23115EA04C4}.Debug|Any CPU.Build.0 = Debug|Any CPU
		{0314F282-5E07-46D5-BF2A-B23115EA04C4}.Release|Any CPU.ActiveCfg = Release|Any CPU
		{0314F282-5E07-46D5-BF2A-B23115EA04C4}.Release|Any CPU.Build.0 = Release|Any CPU
		{7D9101EB-CF93-4389-9C46-985B620B74AF}.Debug|Any CPU.ActiveCfg = Debug|Any CPU
		{7D9101EB-CF93-4389-9C46-985B620B74AF}.Debug|Any CPU.Build.0 = Debug|Any CPU
		{7D9101EB-CF93-4389-9C46-985B620B74AF}.Debug|Any CPU.Deploy.0 = Debug|Any CPU
		{7D9101EB-CF93-4389-9C46-985B620B74AF}.Release|Any CPU.ActiveCfg = Release|Any CPU
		{7D9101EB-CF93-4389-9C46-985B620B74AF}.Release|Any CPU.Build.0 = Release|Any CPU
		{7D9101EB-CF93-4389-9C46-985B620B74AF}.Release|Any CPU.Deploy.0 = Release|Any CPU
	EndGlobalSection
	GlobalSection(SolutionProperties) = preSolution
		HideSolutionNode = FALSE
	EndGlobalSection
	GlobalSection(ExtensibilityGlobals) = postSolution
		SolutionGuid = {8343CA2F-437E-4071-B1B2-687EDFF1503F}
	EndGlobalSection
EndGlobal
